// !$*UTF8*$!
{
	archiveVersion = 1;
	classes = {
	};
	objectVersion = 56;
	objects = {

/* Begin PBXBuildFile section */
		7B31F9E02A66E8DB0006E03B /* main.swift in Sources */ = {isa = PBXBuildFile; fileRef = 7B31F9DF2A66E8DB0006E03B /* main.swift */; };
		7B31F9E82A66E90B0006E03B /* libc++.tbd in Frameworks */ = {isa = PBXBuildFile; fileRef = 7B31F9E72A66E9000006E03B /* libc++.tbd */; };
		7B31F9F52A66EA6A0006E03B /* zt.framework in Frameworks */ = {isa = PBXBuildFile; fileRef = 7B31F9F42A66EA6A0006E03B /* zt.framework */; };
		7B31F9F62A66EA6A0006E03B /* zt.framework in Embed Frameworks */ = {isa = PBXBuildFile; fileRef = 7B31F9F42A66EA6A0006E03B /* zt.framework */; settings = {ATTRIBUTES = (CodeSignOnCopy, RemoveHeadersOnCopy, ); }; };
/* End PBXBuildFile section */

/* Begin PBXCopyFilesBuildPhase section */
		7B31F9DA2A66E8DB0006E03B /* CopyFiles */ = {
			isa = PBXCopyFilesBuildPhase;
			buildActionMask = 2147483647;
			dstPath = /usr/share/man/man1/;
			dstSubfolderSpec = 0;
			files = (
			);
			runOnlyForDeploymentPostprocessing = 1;
		};
		7B31F9F72A66EA6A0006E03B /* Embed Frameworks */ = {
			isa = PBXCopyFilesBuildPhase;
			buildActionMask = 2147483647;
			dstPath = "";
			dstSubfolderSpec = 10;
			files = (
				7B31F9F62A66EA6A0006E03B /* zt.framework in Embed Frameworks */,
			);
			name = "Embed Frameworks";
			runOnlyForDeploymentPostprocessing = 0;
		};
/* End PBXCopyFilesBuildPhase section */

/* Begin PBXFileReference section */
		7B31F9DC2A66E8DB0006E03B /* macos-example-app */ = {isa = PBXFileReference; explicitFileType = "compiled.mach-o.executable"; includeInIndex = 0; path = "macos-example-app"; sourceTree = BUILT_PRODUCTS_DIR; };
		7B31F9DF2A66E8DB0006E03B /* main.swift */ = {isa = PBXFileReference; lastKnownFileType = sourcecode.swift; path = main.swift; sourceTree = "<group>"; };
		7B31F9E72A66E9000006E03B /* libc++.tbd */ = {isa = PBXFileReference; lastKnownFileType = "sourcecode.text-based-dylib-definition"; name = "libc++.tbd"; path = "usr/lib/libc++.tbd"; sourceTree = SDKROOT; };
		7B31F9E92A66E9710006E03B /* zt.framework */ = {isa = PBXFileReference; lastKnownFileType = wrapper.framework; name = zt.framework; path = ../frameworks/macos/zt.framework; sourceTree = "<group>"; };
		7B31F9F02A66EA090006E03B /* zt.framework */ = {isa = PBXFileReference; lastKnownFileType = wrapper.framework; name = zt.framework; path = ../frameworks/ios/zt.framework; sourceTree = "<group>"; };
		7B31F9F42A66EA6A0006E03B /* zt.framework */ = {isa = PBXFileReference; lastKnownFileType = wrapper.framework; path = zt.framework; sourceTree = "<group>"; };
/* End PBXFileReference section */

/* Begin PBXFrameworksBuildPhase section */
		7B31F9D92A66E8DB0006E03B /* Frameworks */ = {
			isa = PBXFrameworksBuildPhase;
			buildActionMask = 2147483647;
			files = (
				7B31F9F52A66EA6A0006E03B /* zt.framework in Frameworks */,
				7B31F9E82A66E90B0006E03B /* libc++.tbd in Frameworks */,
			);
			runOnlyForDeploymentPostprocessing = 0;
		};
/* End PBXFrameworksBuildPhase section */

/* Begin PBXGroup section */
		7B31F9D32A66E8DB0006E03B = {
			isa = PBXGroup;
			children = (
				7B31F9DE2A66E8DB0006E03B /* macos-example-app */,
				7B31F9DD2A66E8DB0006E03B /* Products */,
				7B31F9E62A66E9000006E03B /* Frameworks */,
			);
			sourceTree = "<group>";
		};
		7B31F9DD2A66E8DB0006E03B /* Products */ = {
			isa = PBXGroup;
			children = (
				7B31F9DC2A66E8DB0006E03B /* macos-example-app */,
			);
			name = Products;
			sourceTree = "<group>";
		};
		7B31F9DE2A66E8DB0006E03B /* macos-example-app */ = {
			isa = PBXGroup;
			children = (
				7B31F9DF2A66E8DB0006E03B /* main.swift */,
			);
			path = "macos-example-app";
			sourceTree = "<group>";
		};
		7B31F9E62A66E9000006E03B /* Frameworks */ = {
			isa = PBXGroup;
			children = (
				7B31F9E92A66E9710006E03B /* zt.framework */,
				7B31F9F02A66EA090006E03B /* zt.framework */,
				7B31F9F42A66EA6A0006E03B /* zt.framework */,
				7B31F9E72A66E9000006E03B /* libc++.tbd */,
			);
			name = Frameworks;
			sourceTree = "<group>";
		};
/* End PBXGroup section */

/* Begin PBXNativeTarget section */
		7B31F9DB2A66E8DB0006E03B /* macos-example-app */ = {
			isa = PBXNativeTarget;
			buildConfigurationList = 7B31F9E32A66E8DB0006E03B /* Build configuration list for PBXNativeTarget "macos-example-app" */;
			buildPhases = (
				7B31F9D82A66E8DB0006E03B /* Sources */,
				7B31F9D92A66E8DB0006E03B /* Frameworks */,
				7B31F9DA2A66E8DB0006E03B /* CopyFiles */,
				7B31F9F72A66EA6A0006E03B /* Embed Frameworks */,
			);
			buildRules = (
			);
			dependencies = (
			);
			name = "macos-example-app";
			productName = "macos-example-app";
			productReference = 7B31F9DC2A66E8DB0006E03B /* macos-example-app */;
			productType = "com.apple.product-type.tool";
		};
/* End PBXNativeTarget section */

/* Begin PBXProject section */
		7B31F9D42A66E8DB0006E03B /* Project object */ = {
			isa = PBXProject;
			attributes = {
				BuildIndependentTargetsInParallel = 1;
				LastSwiftUpdateCheck = 1430;
				LastUpgradeCheck = 1430;
				TargetAttributes = {
					7B31F9DB2A66E8DB0006E03B = {
						CreatedOnToolsVersion = 14.3;
					};
				};
			};
			buildConfigurationList = 7B31F9D72A66E8DB0006E03B /* Build configuration list for PBXProject "macos-example-app" */;
			compatibilityVersion = "Xcode 14.0";
			developmentRegion = en;
			hasScannedForEncodings = 0;
			knownRegions = (
				en,
				Base,
			);
			mainGroup = 7B31F9D32A66E8DB0006E03B;
			productRefGroup = 7B31F9DD2A66E8DB0006E03B /* Products */;
			projectDirPath = "";
			projectRoot = "";
			targets = (
				7B31F9DB2A66E8DB0006E03B /* macos-example-app */,
			);
		};
/* End PBXProject section */

/* Begin PBXSourcesBuildPhase section */
		7B31F9D82A66E8DB0006E03B /* Sources */ = {
			isa = PBXSourcesBuildPhase;
			buildActionMask = 2147483647;
			files = (
				7B31F9E02A66E8DB0006E03B /* main.swift in Sources */,
			);
			runOnlyForDeploymentPostprocessing = 0;
		};
/* End PBXSourcesBuildPhase section */

/* Begin XCBuildConfiguration section */
		7B31F9E12A66E8DB0006E03B /* Debug */ = {
			isa = XCBuildConfiguration;
			buildSettings = {
				ALWAYS_SEARCH_USER_PATHS = NO;
				CLANG_ANALYZER_NONNULL = YES;
				CLANG_ANALYZER_NUMBER_OBJECT_CONVERSION = YES_AGGRESSIVE;
				CLANG_CXX_LANGUAGE_STANDARD = "gnu++20";
				CLANG_ENABLE_MODULES = YES;
				CLANG_ENABLE_OBJC_ARC = YES;
				CLANG_ENABLE_OBJC_WEAK = YES;
				CLANG_WARN_BLOCK_CAPTURE_AUTORELEASING = YES;
				CLANG_WARN_BOOL_CONVERSION = YES;
				CLANG_WARN_COMMA = YES;
				CLANG_WARN_CONSTANT_CONVERSION = YES;
				CLANG_WARN_DEPRECATED_OBJC_IMPLEMENTATIONS = YES;
				CLANG_WARN_DIRECT_OBJC_ISA_USAGE = YES_ERROR;
				CLANG_WARN_DOCUMENTATION_COMMENTS = YES;
				CLANG_WARN_EMPTY_BODY = YES;
				CLANG_WARN_ENUM_CONVERSION = YES;
				CLANG_WARN_INFINITE_RECURSION = YES;
				CLANG_WARN_INT_CONVERSION = YES;
				CLANG_WARN_NON_LITERAL_NULL_CONVERSION = YES;
				CLANG_WARN_OBJC_IMPLICIT_RETAIN_SELF = YES;
				CLANG_WARN_OBJC_LITERAL_CONVERSION = YES;
				CLANG_WARN_OBJC_ROOT_CLASS = YES_ERROR;
				CLANG_WARN_QUOTED_INCLUDE_IN_FRAMEWORK_HEADER = YES;
				CLANG_WARN_RANGE_LOOP_ANALYSIS = YES;
				CLANG_WARN_STRICT_PROTOTYPES = YES;
				CLANG_WARN_SUSPICIOUS_MOVE = YES;
				CLANG_WARN_UNGUARDED_AVAILABILITY = YES_AGGRESSIVE;
				CLANG_WARN_UNREACHABLE_CODE = YES;
				CLANG_WARN__DUPLICATE_METHOD_MATCH = YES;
				COPY_PHASE_STRIP = NO;
				DEBUG_INFORMATION_FORMAT = dwarf;
				ENABLE_STRICT_OBJC_MSGSEND = YES;
				ENABLE_TESTABILITY = YES;
				GCC_C_LANGUAGE_STANDARD = gnu11;
				GCC_DYNAMIC_NO_PIC = NO;
				GCC_NO_COMMON_BLOCKS = YES;
				GCC_OPTIMIZATION_LEVEL = 0;
				GCC_PREPROCESSOR_DEFINITIONS = (
					"DEBUG=1",
					"$(inherited)",
				);
				GCC_WARN_64_TO_32_BIT_CONVERSION = YES;
				GCC_WARN_ABOUT_RETURN_TYPE = YES_ERROR;
				GCC_WARN_UNDECLARED_SELECTOR = YES;
				GCC_WARN_UNINITIALIZED_AUTOS = YES_AGGRESSIVE;
				GCC_WARN_UNUSED_FUNCTION = YES;
				GCC_WARN_UNUSED_VARIABLE = YES;
				MACOSX_DEPLOYMENT_TARGET = 13.3;
				MTL_ENABLE_DEBUG_INFO = INCLUDE_SOURCE;
				MTL_FAST_MATH = YES;
				ONLY_ACTIVE_ARCH = YES;
				SDKROOT = macosx;
				SWIFT_ACTIVE_COMPILATION_CONDITIONS = DEBUG;
				SWIFT_OPTIMIZATION_LEVEL = "-Onone";
			};
			name = Debug;
		};
		7B31F9E22A66E8DB0006E03B /* Release */ = {
			isa = XCBuildConfiguration;
			buildSettings = {
				ALWAYS_SEARCH_USER_PATHS = NO;
				CLANG_ANALYZER_NONNULL = YES;
				CLANG_ANALYZER_NUMBER_OBJECT_CONVERSION = YES_AGGRESSIVE;
				CLANG_CXX_LANGUAGE_STANDARD = "gnu++20";
				CLANG_ENABLE_MODULES = YES;
				CLANG_ENABLE_OBJC_ARC = YES;
				CLANG_ENABLE_OBJC_WEAK = YES;
				CLANG_WARN_BLOCK_CAPTURE_AUTORELEASING = YES;
				CLANG_WARN_BOOL_CONVERSION = YES;
				CLANG_WARN_COMMA = YES;
				CLANG_WARN_CONSTANT_CONVERSION = YES;
				CLANG_WARN_DEPRECATED_OBJC_IMPLEMENTATIONS = YES;
				CLANG_WARN_DIRECT_OBJC_ISA_USAGE = YES_ERROR;
				CLANG_WARN_DOCUMENTATION_COMMENTS = YES;
				CLANG_WARN_EMPTY_BODY = YES;
				CLANG_WARN_ENUM_CONVERSION = YES;
				CLANG_WARN_INFINITE_RECURSION = YES;
				CLANG_WARN_INT_CONVERSION = YES;
				CLANG_WARN_NON_LITERAL_NULL_CONVERSION = YES;
				CLANG_WARN_OBJC_IMPLICIT_RETAIN_SELF = YES;
				CLANG_WARN_OBJC_LITERAL_CONVERSION = YES;
				CLANG_WARN_OBJC_ROOT_CLASS = YES_ERROR;
				CLANG_WARN_QUOTED_INCLUDE_IN_FRAMEWORK_HEADER = YES;
				CLANG_WARN_RANGE_LOOP_ANALYSIS = YES;
				CLANG_WARN_STRICT_PROTOTYPES = YES;
				CLANG_WARN_SUSPICIOUS_MOVE = YES;
				CLANG_WARN_UNGUARDED_AVAILABILITY = YES_AGGRESSIVE;
				CLANG_WARN_UNREACHABLE_CODE = YES;
				CLANG_WARN__DUPLICATE_METHOD_MATCH = YES;
				COPY_PHASE_STRIP = NO;
				DEBUG_INFORMATION_FORMAT = "dwarf-with-dsym";
				ENABLE_NS_ASSERTIONS = NO;
				ENABLE_STRICT_OBJC_MSGSEND = YES;
				GCC_C_LANGUAGE_STANDARD = gnu11;
				GCC_NO_COMMON_BLOCKS = YES;
				GCC_WARN_64_TO_32_BIT_CONVERSION = YES;
				GCC_WARN_ABOUT_RETURN_TYPE = YES_ERROR;
				GCC_WARN_UNDECLARED_SELECTOR = YES;
				GCC_WARN_UNINITIALIZED_AUTOS = YES_AGGRESSIVE;
				GCC_WARN_UNUSED_FUNCTION = YES;
				GCC_WARN_UNUSED_VARIABLE = YES;
				MACOSX_DEPLOYMENT_TARGET = 13.3;
				MTL_ENABLE_DEBUG_INFO = NO;
				MTL_FAST_MATH = YES;
				SDKROOT = macosx;
				SWIFT_COMPILATION_MODE = wholemodule;
				SWIFT_OPTIMIZATION_LEVEL = "-O";
			};
			name = Release;
		};
		7B31F9E42A66E8DB0006E03B /* Debug */ = {
			isa = XCBuildConfiguration;
			buildSettings = {
				CODE_SIGN_STYLE = Automatic;
				FRAMEWORK_SEARCH_PATHS = (
					"$(inherited)",
					"$(PROJECT_DIR)",
				);
				PRODUCT_NAME = "$(TARGET_NAME)";
				SWIFT_VERSION = 5.0;
			};
			name = Debug;
		};
		7B31F9E52A66E8DB0006E03B /* Release */ = {
			isa = XCBuildConfiguration;
			buildSettings = {
				CODE_SIGN_STYLE = Automatic;
				FRAMEWORK_SEARCH_PATHS = (
					"$(inherited)",
					"$(PROJECT_DIR)",
				);
				PRODUCT_NAME = "$(TARGET_NAME)";
				SWIFT_VERSION = 5.0;
			};
			name = Release;
		};
/* End XCBuildConfiguration section */

/* Begin XCConfigurationList section */
		7B31F9D72A66E8DB0006E03B /* Build configuration list for PBXProject "macos-example-app" */ = {
			isa = XCConfigurationList;
			buildConfigurations = (
				7B31F9E12A66E8DB0006E03B /* Debug */,
				7B31F9E22A66E8DB0006E03B /* Release */,
			);
			defaultConfigurationIsVisible = 0;
			defaultConfigurationName = Release;
		};
		7B31F9E32A66E8DB0006E03B /* Build configuration list for PBXNativeTarget "macos-example-app" */ = {
			isa = XCConfigurationList;
			buildConfigurations = (
				7B31F9E42A66E8DB0006E03B /* Debug */,
				7B31F9E52A66E8DB0006E03B /* Release */,
			);
			defaultConfigurationIsVisible = 0;
			defaultConfigurationName = Release;
		};
/* End XCConfigurationList section */
	};
	rootObject = 7B31F9D42A66E8DB0006E03B /* Project object */;
}
